
Microsoft Visual Studio Solution File, Format Version 11.00
# Visual Studio 2010
Project("{FAE04EC0-301F-11D3-BF4B-00C04F79EFBC}") = "MemoryTouch", "Assembly-CSharp.csproj", "{F00FF493-F19F-A517-BB0D-EB06EC855355}"
EndProject
Project("{FAE04EC0-301F-11D3-BF4B-00C04F79EFBC}") = "MemoryTouch", "Assembly-CSharp-firstpass.csproj", "{A4F19847-4444-6280-2306-D144256833D1}"
EndProject
Project("{FAE04EC0-301F-11D3-BF4B-00C04F79EFBC}") = "MemoryTouch", "Assembly-CSharp-Editor.csproj", "{3D49CB68-1FFB-35ED-9D73-33D39F7CA87B}"
EndProject
Global
	GlobalSection(SolutionConfigurationPlatforms) = preSolution
		Debug|Any CPU = Debug|Any CPU
		Release|Any CPU = Release|Any CPU
	EndGlobalSection
	GlobalSection(ProjectConfigurationPlatforms) = postSolution
		{F00FF493-F19F-A517-BB0D-EB06EC855355}.Debug|Any CPU.ActiveCfg = Debug|Any CPU
		{F00FF493-F19F-A517-BB0D-EB06EC855355}.Debug|Any CPU.Build.0 = Debug|Any CPU
		{F00FF493-F19F-A517-BB0D-EB06EC855355}.Release|Any CPU.ActiveCfg = Release|Any CPU
		{F00FF493-F19F-A517-BB0D-EB06EC855355}.Release|Any CPU.Build.0 = Release|Any CPU
		{A4F19847-4444-6280-2306-D144256833D1}.Debug|Any CPU.ActiveCfg = Debug|Any CPU
		{A4F19847-4444-6280-2306-D144256833D1}.Debug|Any CPU.Build.0 = Debug|Any CPU
		{A4F19847-4444-6280-2306-D144256833D1}.Release|Any CPU.ActiveCfg = Release|Any CPU
		{A4F19847-4444-6280-2306-D144256833D1}.Release|Any CPU.Build.0 = Release|Any CPU
		{3D49CB68-1FFB-35ED-9D73-33D39F7CA87B}.Debug|Any CPU.ActiveCfg = Debug|Any CPU
		{3D49CB68-1FFB-35ED-9D73-33D39F7CA87B}.Debug|Any CPU.Build.0 = Debug|Any CPU
		{3D49CB68-1FFB-35ED-9D73-33D39F7CA87B}.Release|Any CPU.ActiveCfg = Release|Any CPU
		{3D49CB68-1FFB-35ED-9D73-33D39F7CA87B}.Release|Any CPU.Build.0 = Release|Any CPU
	EndGlobalSection
	GlobalSection(SolutionProperties) = preSolution
		HideSolutionNode = FALSE
	EndGlobalSection
	GlobalSection(MonoDevelopProperties) = preSolution
		StartupItem = Assembly-CSharp.csproj
		Policies = $0
		$0.TextStylePolicy = $1
		$1.FileWidth = 120
		$1.NoTabsAfterNonTabs = True
		$1.EolMarker = Unix
		$1.inheritsSet = VisualStudio
		$1.inheritsScope = text/plain
		$1.scope = text/x-csharp
		$0.CSharpFormattingPolicy = $2
		$2.BeforeMethodDeclarationParentheses = False
		$2.BeforeMethodCallParentheses = False
		$2.BeforeConstructorDeclarationParentheses = False
		$2.BeforeIndexerDeclarationBracket = False
		$2.BeforeDelegateDeclarationParentheses = False
		$2.NewParentheses = False
		$2.SpacesBeforeBrackets = False
		$2.inheritsSet = Mono
		$2.inheritsScope = text/x-csharp
		$2.scope = text/x-csharp
		$0.TextStylePolicy = $3
		$3.FileWidth = 120
		$3.TabWidth = 4
		$3.EolMarker = Unix
		$3.inheritsSet = Mono
		$3.inheritsScope = text/plain
		$3.scope = text/plain
		$0.DotNetNamingPolicy = $4
		$4.DirectoryNamespaceAssociation = None
		$4.ResourceNamePolicy = FileFormatDefault
		$0.TextStylePolicy = $5
		$5.inheritsSet = null
		$5.scope = application/config+xml
		$0.XmlFormattingPolicy = $6
		$6.inheritsSet = null
		$6.scope = application/config+xml
	EndGlobalSection
EndGlobal
